{
  "name": "datashaman.com",
  "version": "1.0.0",
  "lockfileVersion": 1,
  "requires": true,
  "dependencies": {
    "purecss": {
      "version": "1.0.1",
      "resolved": "https://registry.npmjs.org/purecss/-/purecss-1.0.1.tgz",
      "integrity": "sha512-mTUc5ZzpzafswEhCmTDfSRMMyRFdLYdd+KywMwnBC/MuA/Th7jug2z0Xso4WkxvtxoU/BS9aRb7WnBNyuA7YJQ==",
      "dev": true
    },
    "water.css": {
      "version": "github:kognise/water.css#7c8261264f6383bf5d4573c678e71aa82bf686d2",
      "from": "github:kognise/water.css#master",
      "dev": true
    }
  }
}
